// !$*UTF8*$!
{
	archiveVersion = 1;
	classes = {
	};
	objectVersion = 50;
	objects = {

/* Begin PBXBuildFile section */
		7F1ADFA326570EC700AEAD83 /* FastList.swift in Sources */ = {isa = PBXBuildFile; fileRef = 7F1ADF9C26570EC700AEAD83 /* FastList.swift */; };
		7F1ADFAB26570F2F00AEAD83 /* simple.swift in Sources */ = {isa = PBXBuildFile; fileRef = 7F1ADFAA26570F2F00AEAD83 /* simple.swift */; };
/* End PBXBuildFile section */

/* Begin PBXCopyFilesBuildPhase section */
		7F1ADF8D26570E6A00AEAD83 /* CopyFiles */ = {
			isa = PBXCopyFilesBuildPhase;
			buildActionMask = 2147483647;
			dstPath = /usr/share/man/man1/;
			dstSubfolderSpec = 0;
			files = (
			);
			runOnlyForDeploymentPostprocessing = 1;
		};
/* End PBXCopyFilesBuildPhase section */

/* Begin PBXFileReference section */
		7F1ADF9926570EC600AEAD83 /* FastList */ = {isa = PBXFileReference; explicitFileType = "compiled.mach-o.executable"; includeInIndex = 0; path = FastList; sourceTree = BUILT_PRODUCTS_DIR; };
		7F1ADF9C26570EC700AEAD83 /* FastList.swift */ = {isa = PBXFileReference; fileEncoding = 4; lastKnownFileType = sourcecode.swift; path = FastList.swift; sourceTree = "<group>"; };
		7F1ADF9D26570EC700AEAD83 /* README.md */ = {isa = PBXFileReference; fileEncoding = 4; lastKnownFileType = net.daringfireball.markdown; path = README.md; sourceTree = "<group>"; };
		7F1ADFA126570EC700AEAD83 /* FastListTests.swift */ = {isa = PBXFileReference; fileEncoding = 4; lastKnownFileType = sourcecode.swift; path = FastListTests.swift; sourceTree = "<group>"; };
		7F1ADFA226570EC700AEAD83 /* Package.swift */ = {isa = PBXFileReference; fileEncoding = 4; lastKnownFileType = sourcecode.swift; path = Package.swift; sourceTree = "<group>"; };
		7F1ADFA626570ED100AEAD83 /* FastList.podspec */ = {isa = PBXFileReference; lastKnownFileType = text; path = FastList.podspec; sourceTree = "<group>"; };
		7F1ADFA726570ED100AEAD83 /* CONTRIBUTING.md */ = {isa = PBXFileReference; lastKnownFileType = net.daringfireball.markdown; path = CONTRIBUTING.md; sourceTree = "<group>"; };
		7F1ADFA826570ED100AEAD83 /* CODE_OF_CONDUCT.md */ = {isa = PBXFileReference; lastKnownFileType = net.daringfireball.markdown; path = CODE_OF_CONDUCT.md; sourceTree = "<group>"; };
		7F1ADFAA26570F2F00AEAD83 /* simple.swift */ = {isa = PBXFileReference; lastKnownFileType = sourcecode.swift; path = simple.swift; sourceTree = "<group>"; };
		7F1ADFAC2657119A00AEAD83 /* LICENSE.txt */ = {isa = PBXFileReference; lastKnownFileType = text; path = LICENSE.txt; sourceTree = "<group>"; };
/* End PBXFileReference section */

/* Begin PBXFrameworksBuildPhase section */
		7F1ADF8C26570E6A00AEAD83 /* Frameworks */ = {
			isa = PBXFrameworksBuildPhase;
			buildActionMask = 2147483647;
			files = (
			);
			runOnlyForDeploymentPostprocessing = 0;
		};
/* End PBXFrameworksBuildPhase section */

/* Begin PBXGroup section */
		7F1ADF8626570E6900AEAD83 = {
			isa = PBXGroup;
			children = (
				7F1ADFA926570F2100AEAD83 /* Examples */,
				7F1ADFA826570ED100AEAD83 /* CODE_OF_CONDUCT.md */,
				7F1ADFA726570ED100AEAD83 /* CONTRIBUTING.md */,
				7F1ADFAC2657119A00AEAD83 /* LICENSE.txt */,
				7F1ADFA626570ED100AEAD83 /* FastList.podspec */,
				7F1ADFA226570EC700AEAD83 /* Package.swift */,
				7F1ADF9D26570EC700AEAD83 /* README.md */,
				7F1ADF9A26570EC700AEAD83 /* Sources */,
				7F1ADF9F26570EC700AEAD83 /* Tests */,
				7F1ADF9926570EC600AEAD83 /* FastList */,
			);
			sourceTree = "<group>";
		};
		7F1ADF9A26570EC700AEAD83 /* Sources */ = {
			isa = PBXGroup;
			children = (
				7F1ADF9B26570EC700AEAD83 /* FastList */,
			);
			path = Sources;
			sourceTree = "<group>";
		};
		7F1ADF9B26570EC700AEAD83 /* FastList */ = {
			isa = PBXGroup;
			children = (
				7F1ADF9C26570EC700AEAD83 /* FastList.swift */,
			);
			path = FastList;
			sourceTree = "<group>";
		};
		7F1ADF9F26570EC700AEAD83 /* Tests */ = {
			isa = PBXGroup;
			children = (
				7F1ADFA026570EC700AEAD83 /* FastListTests */,
			);
			path = Tests;
			sourceTree = "<group>";
		};
		7F1ADFA026570EC700AEAD83 /* FastListTests */ = {
			isa = PBXGroup;
			children = (
				7F1ADFA126570EC700AEAD83 /* FastListTests.swift */,
			);
			path = FastListTests;
			sourceTree = "<group>";
		};
		7F1ADFA926570F2100AEAD83 /* Examples */ = {
			isa = PBXGroup;
			children = (
				7F1ADFAA26570F2F00AEAD83 /* simple.swift */,
			);
			path = Examples;
			sourceTree = "<group>";
		};
/* End PBXGroup section */

/* Begin PBXNativeTarget section */
		7F1ADF8E26570E6A00AEAD83 /* FastList */ = {
			isa = PBXNativeTarget;
			buildConfigurationList = 7F1ADF9626570E6A00AEAD83 /* Build configuration list for PBXNativeTarget "FastList" */;
			buildPhases = (
				7F1ADF8B26570E6A00AEAD83 /* Sources */,
				7F1ADF8C26570E6A00AEAD83 /* Frameworks */,
				7F1ADF8D26570E6A00AEAD83 /* CopyFiles */,
			);
			buildRules = (
			);
			dependencies = (
			);
			name = FastList;
			productName = FastList;
			productReference = 7F1ADF9926570EC600AEAD83 /* FastList */;
			productType = "com.apple.product-type.tool";
		};
/* End PBXNativeTarget section */

/* Begin PBXProject section */
		7F1ADF8726570E6900AEAD83 /* Project object */ = {
			isa = PBXProject;
			attributes = {
				LastSwiftUpdateCheck = 1250;
				LastUpgradeCheck = 1250;
				TargetAttributes = {
					7F1ADF8E26570E6A00AEAD83 = {
						CreatedOnToolsVersion = 12.5;
						LastSwiftMigration = 1250;
					};
				};
			};
			buildConfigurationList = 7F1ADF8A26570E6900AEAD83 /* Build configuration list for PBXProject "FastList" */;
			compatibilityVersion = "Xcode 9.3";
			developmentRegion = en;
			hasScannedForEncodings = 0;
			knownRegions = (
				en,
				Base,
			);
			mainGroup = 7F1ADF8626570E6900AEAD83;
			productRefGroup = 7F1ADF8626570E6900AEAD83;
			projectDirPath = "";
			projectRoot = "";
			targets = (
				7F1ADF8E26570E6A00AEAD83 /* FastList */,
			);
		};
/* End PBXProject section */

/* Begin PBXSourcesBuildPhase section */
		7F1ADF8B26570E6A00AEAD83 /* Sources */ = {
			isa = PBXSourcesBuildPhase;
			buildActionMask = 2147483647;
			files = (
				7F1ADFA326570EC700AEAD83 /* FastList.swift in Sources */,
				7F1ADFAB26570F2F00AEAD83 /* simple.swift in Sources */,
			);
			runOnlyForDeploymentPostprocessing = 0;
		};
/* End PBXSourcesBuildPhase section */

/* Begin XCBuildConfiguration section */
		7F1ADF9426570E6A00AEAD83 /* Debug */ = {
			isa = XCBuildConfiguration;
			buildSettings = {
				ALWAYS_SEARCH_USER_PATHS = NO;
				CLANG_ANALYZER_NONNULL = YES;
				CLANG_ANALYZER_NUMBER_OBJECT_CONVERSION = YES_AGGRESSIVE;
				CLANG_CXX_LANGUAGE_STANDARD = "gnu++14";
				CLANG_CXX_LIBRARY = "libc++";
				CLANG_ENABLE_MODULES = YES;
				CLANG_ENABLE_OBJC_ARC = YES;
				CLANG_ENABLE_OBJC_WEAK = YES;
				CLANG_WARN_BLOCK_CAPTURE_AUTORELEASING = YES;
				CLANG_WARN_BOOL_CONVERSION = YES;
				CLANG_WARN_COMMA = YES;
				CLANG_WARN_CONSTANT_CONVERSION = YES;
				CLANG_WARN_DEPRECATED_OBJC_IMPLEMENTATIONS = YES;
				CLANG_WARN_DIRECT_OBJC_ISA_USAGE = YES_ERROR;
				CLANG_WARN_DOCUMENTATION_COMMENTS = YES;
				CLANG_WARN_EMPTY_BODY = YES;
				CLANG_WARN_ENUM_CONVERSION = YES;
				CLANG_WARN_INFINITE_RECURSION = YES;
				CLANG_WARN_INT_CONVERSION = YES;
				CLANG_WARN_NON_LITERAL_NULL_CONVERSION = YES;
				CLANG_WARN_OBJC_IMPLICIT_RETAIN_SELF = YES;
				CLANG_WARN_OBJC_LITERAL_CONVERSION = YES;
				CLANG_WARN_OBJC_ROOT_CLASS = YES_ERROR;
				CLANG_WARN_QUOTED_INCLUDE_IN_FRAMEWORK_HEADER = YES;
				CLANG_WARN_RANGE_LOOP_ANALYSIS = YES;
				CLANG_WARN_STRICT_PROTOTYPES = YES;
				CLANG_WARN_SUSPICIOUS_MOVE = YES;
				CLANG_WARN_UNGUARDED_AVAILABILITY = YES_AGGRESSIVE;
				CLANG_WARN_UNREACHABLE_CODE = YES;
				CLANG_WARN__DUPLICATE_METHOD_MATCH = YES;
				COPY_PHASE_STRIP = NO;
				DEBUG_INFORMATION_FORMAT = dwarf;
				ENABLE_STRICT_OBJC_MSGSEND = YES;
				ENABLE_TESTABILITY = YES;
				GCC_C_LANGUAGE_STANDARD = gnu11;
				GCC_DYNAMIC_NO_PIC = NO;
				GCC_NO_COMMON_BLOCKS = YES;
				GCC_OPTIMIZATION_LEVEL = 0;
				GCC_PREPROCESSOR_DEFINITIONS = (
					"DEBUG=1",
					"$(inherited)",
				);
				GCC_WARN_64_TO_32_BIT_CONVERSION = YES;
				GCC_WARN_ABOUT_RETURN_TYPE = YES_ERROR;
				GCC_WARN_UNDECLARED_SELECTOR = YES;
				GCC_WARN_UNINITIALIZED_AUTOS = YES_AGGRESSIVE;
				GCC_WARN_UNUSED_FUNCTION = YES;
				GCC_WARN_UNUSED_VARIABLE = YES;
				MACOSX_DEPLOYMENT_TARGET = 11.2;
				MTL_ENABLE_DEBUG_INFO = INCLUDE_SOURCE;
				MTL_FAST_MATH = YES;
				ONLY_ACTIVE_ARCH = YES;
				SDKROOT = macosx;
				SWIFT_ACTIVE_COMPILATION_CONDITIONS = DEBUG;
				SWIFT_OPTIMIZATION_LEVEL = "-Onone";
			};
			name = Debug;
		};
		7F1ADF9526570E6A00AEAD83 /* Release */ = {
			isa = XCBuildConfiguration;
			buildSettings = {
				ALWAYS_SEARCH_USER_PATHS = NO;
				CLANG_ANALYZER_NONNULL = YES;
				CLANG_ANALYZER_NUMBER_OBJECT_CONVERSION = YES_AGGRESSIVE;
				CLANG_CXX_LANGUAGE_STANDARD = "gnu++14";
				CLANG_CXX_LIBRARY = "libc++";
				CLANG_ENABLE_MODULES = YES;
				CLANG_ENABLE_OBJC_ARC = YES;
				CLANG_ENABLE_OBJC_WEAK = YES;
				CLANG_WARN_BLOCK_CAPTURE_AUTORELEASING = YES;
				CLANG_WARN_BOOL_CONVERSION = YES;
				CLANG_WARN_COMMA = YES;
				CLANG_WARN_CONSTANT_CONVERSION = YES;
				CLANG_WARN_DEPRECATED_OBJC_IMPLEMENTATIONS = YES;
				CLANG_WARN_DIRECT_OBJC_ISA_USAGE = YES_ERROR;
				CLANG_WARN_DOCUMENTATION_COMMENTS = YES;
				CLANG_WARN_EMPTY_BODY = YES;
				CLANG_WARN_ENUM_CONVERSION = YES;
				CLANG_WARN_INFINITE_RECURSION = YES;
				CLANG_WARN_INT_CONVERSION = YES;
				CLANG_WARN_NON_LITERAL_NULL_CONVERSION = YES;
				CLANG_WARN_OBJC_IMPLICIT_RETAIN_SELF = YES;
				CLANG_WARN_OBJC_LITERAL_CONVERSION = YES;
				CLANG_WARN_OBJC_ROOT_CLASS = YES_ERROR;
				CLANG_WARN_QUOTED_INCLUDE_IN_FRAMEWORK_HEADER = YES;
				CLANG_WARN_RANGE_LOOP_ANALYSIS = YES;
				CLANG_WARN_STRICT_PROTOTYPES = YES;
				CLANG_WARN_SUSPICIOUS_MOVE = YES;
				CLANG_WARN_UNGUARDED_AVAILABILITY = YES_AGGRESSIVE;
				CLANG_WARN_UNREACHABLE_CODE = YES;
				CLANG_WARN__DUPLICATE_METHOD_MATCH = YES;
				COPY_PHASE_STRIP = NO;
				DEBUG_INFORMATION_FORMAT = "dwarf-with-dsym";
				ENABLE_NS_ASSERTIONS = NO;
				ENABLE_STRICT_OBJC_MSGSEND = YES;
				GCC_C_LANGUAGE_STANDARD = gnu11;
				GCC_NO_COMMON_BLOCKS = YES;
				GCC_WARN_64_TO_32_BIT_CONVERSION = YES;
				GCC_WARN_ABOUT_RETURN_TYPE = YES_ERROR;
				GCC_WARN_UNDECLARED_SELECTOR = YES;
				GCC_WARN_UNINITIALIZED_AUTOS = YES_AGGRESSIVE;
				GCC_WARN_UNUSED_FUNCTION = YES;
				GCC_WARN_UNUSED_VARIABLE = YES;
				MACOSX_DEPLOYMENT_TARGET = 11.2;
				MTL_ENABLE_DEBUG_INFO = NO;
				MTL_FAST_MATH = YES;
				SDKROOT = macosx;
				SWIFT_COMPILATION_MODE = wholemodule;
				SWIFT_OPTIMIZATION_LEVEL = "-O";
			};
			name = Release;
		};
		7F1ADF9726570E6A00AEAD83 /* Debug */ = {
			isa = XCBuildConfiguration;
			buildSettings = {
				CLANG_ENABLE_MODULES = YES;
				CODE_SIGN_STYLE = Automatic;
				DEVELOPMENT_TEAM = 7D49J2XMDA;
				ENABLE_HARDENED_RUNTIME = YES;
				LD_RUNPATH_SEARCH_PATHS = (
					"$(inherited)",
					"@executable_path/../Frameworks",
					"@loader_path/../Frameworks",
				);
				MACOSX_DEPLOYMENT_TARGET = 10.9;
				PRODUCT_NAME = "$(TARGET_NAME)";
				SWIFT_OPTIMIZATION_LEVEL = "-Onone";
				SWIFT_VERSION = 5.0;
			};
			name = Debug;
		};
		7F1ADF9826570E6A00AEAD83 /* Release */ = {
			isa = XCBuildConfiguration;
			buildSettings = {
				CLANG_ENABLE_MODULES = YES;
				CODE_SIGN_STYLE = Automatic;
				DEVELOPMENT_TEAM = 7D49J2XMDA;
				ENABLE_HARDENED_RUNTIME = YES;
				LD_RUNPATH_SEARCH_PATHS = (
					"$(inherited)",
					"@executable_path/../Frameworks",
					"@loader_path/../Frameworks",
				);
				MACOSX_DEPLOYMENT_TARGET = 10.9;
				PRODUCT_NAME = "$(TARGET_NAME)";
				SWIFT_VERSION = 5.0;
			};
			name = Release;
		};
/* End XCBuildConfiguration section */

/* Begin XCConfigurationList section */
		7F1ADF8A26570E6900AEAD83 /* Build configuration list for PBXProject "FastList" */ = {
			isa = XCConfigurationList;
			buildConfigurations = (
				7F1ADF9426570E6A00AEAD83 /* Debug */,
				7F1ADF9526570E6A00AEAD83 /* Release */,
			);
			defaultConfigurationIsVisible = 0;
			defaultConfigurationName = Release;
		};
		7F1ADF9626570E6A00AEAD83 /* Build configuration list for PBXNativeTarget "FastList" */ = {
			isa = XCConfigurationList;
			buildConfigurations = (
				7F1ADF9726570E6A00AEAD83 /* Debug */,
				7F1ADF9826570E6A00AEAD83 /* Release */,
			);
			defaultConfigurationIsVisible = 0;
			defaultConfigurationName = Release;
		};
/* End XCConfigurationList section */
	};
	rootObject = 7F1ADF8726570E6900AEAD83 /* Project object */;
}
